<?xml version="1.0" encoding="utf-8"?>
<Project ToolsVersion="4.0" xmlns="http://schemas.microsoft.com/developer/msbuild/2003">
  <ItemGroup>
    <Filter Include="Source Files">
      <UniqueIdentifier>{4FC737F1-C7A5-4376-A066-2A32D752A2FF}</UniqueIdentifier>
      <Extensions>cpp;c;cc;cxx;c++;cppm;ixx;def;odl;idl;hpj;bat;asm;asmx</Extensions>
    </Filter>
    <Filter Include="Header Files">
      <UniqueIdentifier>{93995380-89BD-4b04-88EB-625FBE52EBFB}</UniqueIdentifier>
      <Extensions>h;hh;hpp;hxx;h++;hm;inl;inc;ipp;xsd</Extensions>
    </Filter>
    <Filter Include="Resource Files">
      <UniqueIdentifier>{67DA6AB6-F800-4c08-8B7A-83BB121AAD01}</UniqueIdentifier>
      <Extensions>rc;ico;cur;bmp;dlg;rc2;rct;bin;rgs;gif;jpg;jpeg;jpe;resx;tiff;tif;png;wav;mfcribbon-ms</Extensions>
    </Filter>
    <Filter Include="Header Files\Ingredient">
      <UniqueIdentifier>{8d22d070-e47c-4290-8bf2-b62fc9d1e47c}</UniqueIdentifier>
    </Filter>
    <Filter Include="Header Files\PizzaStore">
      <UniqueIdentifier>{ea2d6e7e-7152-49ab-b2ff-abcf0800e887}</UniqueIdentifier>
    </Filter>
    <Filter Include="Header Files\IngredientFactory">
      <UniqueIdentifier>{49c320f8-b940-4169-a795-da04030cfd20}</UniqueIdentifier>
    </Filter>
    <Filter Include="Header Files\Pizza">
      <UniqueIdentifier>{69fcbf49-52f0-4d6e-827f-d3b399d35886}</UniqueIdentifier>
    </Filter>
    <Filter Include="Source Files\Ingredient">
      <UniqueIdentifier>{c8984870-822b-4cf0-84eb-f562ac792593}</UniqueIdentifier>
    </Filter>
    <Filter Include="Source Files\IngredientFactory">
      <UniqueIdentifier>{18ad2390-dc8d-4b2e-b65b-862f80900c67}</UniqueIdentifier>
    </Filter>
    <Filter Include="Source Files\Pizza">
      <UniqueIdentifier>{0e896744-7ac5-4de0-a8ce-e474882212e6}</UniqueIdentifier>
    </Filter>
    <Filter Include="Source Files\PizzaStore">
      <UniqueIdentifier>{acd46bb3-0d7c-43e2-a01e-208f9835bd18}</UniqueIdentifier>
    </Filter>
  </ItemGroup>
  <ItemGroup>
    <ClCompile Include="Cheese.cpp">
      <Filter>Source Files\Ingredient</Filter>
    </ClCompile>
    <ClCompile Include="Clams.cpp">
      <Filter>Source Files\Ingredient</Filter>
    </ClCompile>
    <ClCompile Include="Dough.cpp">
      <Filter>Source Files\Ingredient</Filter>
    </ClCompile>
    <ClCompile Include="Sauce.cpp">
      <Filter>Source Files\Ingredient</Filter>
    </ClCompile>
    <ClCompile Include="ChicagoPizzaIngredientFactory.cpp">
      <Filter>Source Files\IngredientFactory</Filter>
    </ClCompile>
    <ClCompile Include="NYPizzaIngredientFactory.cpp">
      <Filter>Source Files\IngredientFactory</Filter>
    </ClCompile>
    <ClCompile Include="PizzaIngredientFactory.cpp">
      <Filter>Source Files\IngredientFactory</Filter>
    </ClCompile>
    <ClCompile Include="NYPizzaStore.cpp">
      <Filter>Source Files\PizzaStore</Filter>
    </ClCompile>
    <ClCompile Include="ChicagoPizzaStore.cpp">
      <Filter>Source Files\PizzaStore</Filter>
    </ClCompile>
    <ClCompile Include="PizzaStore.cpp">
      <Filter>Source Files\PizzaStore</Filter>
    </ClCompile>
    <ClCompile Include="Pizza.cpp">
      <Filter>Source Files\Pizza</Filter>
    </ClCompile>
    <ClCompile Include="CheesePizza.cpp">
      <Filter>Source Files\Pizza</Filter>
    </ClCompile>
    <ClCompile Include="ClamPizza.cpp">
      <Filter>Source Files\Pizza</Filter>
    </ClCompile>
    <ClCompile Include="main.cpp">
      <Filter>Source Files</Filter>
    </ClCompile>
  </ItemGroup>
  <ItemGroup>
    <ClInclude Include="Cheese.h">
      <Filter>Header Files\Ingredient</Filter>
    </ClInclude>
    <ClInclude Include="Clams.h">
      <Filter>Header Files\Ingredient</Filter>
    </ClInclude>
    <ClInclude Include="Dough.h">
      <Filter>Header Files\Ingredient</Filter>
    </ClInclude>
    <ClInclude Include="Sauce.h">
      <Filter>Header Files\Ingredient</Filter>
    </ClInclude>
    <ClInclude Include="NYPizzaStore.h">
      <Filter>Header Files\PizzaStore</Filter>
    </ClInclude>
    <ClInclude Include="ChicagoPizzaStore.h">
      <Filter>Header Files\PizzaStore</Filter>
    </ClInclude>
    <ClInclude Include="PizzaStore.h">
      <Filter>Header Files\PizzaStore</Filter>
    </ClInclude>
    <ClInclude Include="PizzaIngredientFactory.h">
      <Filter>Header Files\IngredientFactory</Filter>
    </ClInclude>
    <ClInclude Include="Pizza.h">
      <Filter>Header Files\Pizza</Filter>
    </ClInclude>
    <ClInclude Include="NYPizzaIngredientFactory.h">
      <Filter>Header Files\IngredientFactory</Filter>
    </ClInclude>
    <ClInclude Include="ChicagoPizzaIngredientFactory.h">
      <Filter>Header Files\IngredientFactory</Filter>
    </ClInclude>
    <ClInclude Include="CheesePizza.h">
      <Filter>Header Files\Pizza</Filter>
    </ClInclude>
    <ClInclude Include="ClamPizza.h">
      <Filter>Header Files\Pizza</Filter>
    </ClInclude>
  </ItemGroup>
</Project>